{
    "_readme": [
        "This file locks the dependencies of your project to a known state",
        "Read more about it at https://getcomposer.org/doc/01-basic-usage.md#installing-dependencies",
        "This file is @generated automatically"
    ],
    "content-hash": "2a519b6181e9f2686f5028c1a1d03b8a",
    "packages": [
        {
            "name": "adhocore/cli",
            "version": "v1.9.4",
            "source": {
                "type": "git",
                "url": "https://github.com/adhocore/php-cli.git",
                "reference": "474dc3d7ab139796be98b104d891476e3916b6f4"
            },
            "dist": {
                "type": "zip",
                "url": "https://api.github.com/repos/adhocore/php-cli/zipball/474dc3d7ab139796be98b104d891476e3916b6f4",
                "reference": "474dc3d7ab139796be98b104d891476e3916b6f4",
                "shasum": ""
            },
            "require": {
                "php": ">=8.0"
            },
            "require-dev": {
                "phpunit/phpunit": "^9.0"
            },
            "type": "library",
            "autoload": {
                "files": [
                    "src/functions.php"
                ],
                "psr-4": {
                    "Ahc\\Cli\\": "src/"
                }
            },
            "notification-url": "https://packagist.org/downloads/",
            "license": [
                "MIT"
            ],
            "authors": [
                {
                    "name": "Jitendra Adhikari",
                    "email": "jiten.adhikary@gmail.com"
                }
            ],
            "description": "Command line interface library for PHP",
            "keywords": [
                "argument-parser",
                "argv-parser",
                "cli",
                "cli-action",
                "cli-app",
                "cli-color",
                "cli-option",
                "cli-writer",
                "command",
                "console",
                "console-app",
                "php-cli",
                "php8",
                "stream-input",
                "stream-output"
            ],
            "support": {
                "issues": "https://github.com/adhocore/php-cli/issues",
                "source": "https://github.com/adhocore/php-cli/tree/v1.9.4"
            },
            "funding": [
                {
                    "url": "https://paypal.me/ji10",
                    "type": "custom"
                },
                {
                    "url": "https://github.com/adhocore",
                    "type": "github"
                }
            ],
            "time": "2025-05-11T13:23:54+00:00"
        },
        {
            "name": "composer/installers",
            "version": "dev-main",
            "source": {
                "type": "git",
                "url": "https://github.com/composer/installers.git",
                "reference": "5b390889ecbb17bfa69ed5a030fa2e6075a19ba0"
            },
            "dist": {
                "type": "zip",
                "url": "https://api.github.com/repos/composer/installers/zipball/5b390889ecbb17bfa69ed5a030fa2e6075a19ba0",
                "reference": "5b390889ecbb17bfa69ed5a030fa2e6075a19ba0",
                "shasum": ""
            },
            "require": {
                "composer-plugin-api": "^1.0 || ^2.0",
                "php": "^7.2 || ^8.0"
            },
            "require-dev": {
                "composer/composer": "^1.10.27 || ^2.7.8",
                "composer/semver": "^1.7.2 || ^3.4.2",
                "phpstan/phpstan": "^1.11.11",
                "phpstan/phpstan-phpunit": "^1.4",
                "phpunit/phpunit": "^8.5.39 || ^9.6.20",
                "symfony/process": "^5 || ^6 || ^7.1.3"
            },
            "default-branch": true,
            "type": "composer-plugin",
            "extra": {
                "class": "Composer\\Installers\\Plugin",
                "branch-alias": {
                    "dev-main": "2.x-dev"
                },
                "plugin-modifies-install-path": true
            },
            "autoload": {
                "psr-4": {
                    "Composer\\Installers\\": "src/Composer/Installers"
                }
            },
            "notification-url": "https://packagist.org/downloads/",
            "license": [
                "MIT"
            ],
            "authors": [
                {
                    "name": "Kyle Robinson Young",
                    "email": "kyle@dontkry.com",
                    "homepage": "https://github.com/shama"
                }
            ],
            "description": "A multi-framework Composer library installer",
            "keywords": [
                "Dolibarr",
                "Eliasis",
                "Hurad",
                "ImageCMS",
                "Kanboard",
                "Lan Management System",
                "MODX Evo",
                "MantisBT",
                "Mautic",
                "Maya",
                "OXID",
                "Plentymarkets",
                "Porto",
                "RadPHP",
                "SMF",
                "Starbug",
                "Thelia",
                "Whmcs",
                "WolfCMS",
                "agl",
                "annotatecms",
                "attogram",
                "bitrix",
                "cakephp",
                "chef",
                "cockpit",
                "codeigniter",
                "concrete5",
                "concreteCMS",
                "croogo",
                "dokuwiki",
                "drupal",
                "eZ Platform",
                "elgg",
                "expressionengine",
                "fuelphp",
                "grav",
                "installer",
                "itop",
                "known",
                "kohana",
                "laravel",
                "lavalite",
                "lithium",
                "magento",
                "majima",
                "mako",
                "matomo",
                "mediawiki",
                "miaoxing",
                "modulework",
                "modx",
                "moodle",
                "osclass",
                "pantheon",
                "phpbb",
                "piwik",
                "ppi",
                "processwire",
                "puppet",
                "pxcms",
                "reindex",
                "roundcube",
                "shopware",
                "silverstripe",
                "sydes",
                "sylius",
                "tastyigniter",
                "wordpress",
                "yawik",
                "zend",
                "zikula"
            ],
            "support": {
                "issues": "https://github.com/composer/installers/issues",
                "source": "https://github.com/composer/installers/tree/main"
            },
            "funding": [
                {
                    "url": "https://packagist.com",
                    "type": "custom"
                },
                {
                    "url": "https://github.com/composer",
                    "type": "github"
                },
                {
                    "url": "https://tidelift.com/funding/github/packagist/composer/composer",
                    "type": "tidelift"
                }
            ],
            "time": "2024-11-26T13:24:01+00:00"
        },
        {
            "name": "wpengine/advanced-custom-fields-pro",
            "version": "6.4.2",
            "dist": {
                "type": "zip",
                "url": "https://connect.advancedcustomfields.com/v2/plugins/composer_download?s=composer&p=pro&t=6.4.2"
            },
            "require": {
                "composer/installers": "~1.0 || ~2.0"
            },
            "replace": {
                "wpackagist-plugin/advanced-custom-fields": "self.version",
                "wpengine/advanced-custom-fields": "self.version"
            },
            "type": "wordpress-plugin"
        },
        {
            "name": "wrd/wp-blocks",
            "version": "dev-main",
            "source": {
                "type": "git",
                "url": "https://github.com/kyletcooper/wp-blocks.git",
                "reference": "af37460dddd0902110f22ebb006c9e11b14087ee"
            },
            "dist": {
                "type": "zip",
                "url": "https://api.github.com/repos/kyletcooper/wp-blocks/zipball/af37460dddd0902110f22ebb006c9e11b14087ee",
                "reference": "af37460dddd0902110f22ebb006c9e11b14087ee",
                "shasum": ""
            },
            "require": {
                "adhocore/cli": "v1.9.4",
                "composer-runtime-api": "^2.2",
                "php": "^8.1"
            },
            "default-branch": true,
            "bin": [
                "bin/blocks"
            ],
            "type": "library",
            "autoload": {
                "files": [
                    "src/acf.php",
                    "src/core.php",
                    "src/richtext.php",
                    "src/templating.php"
                ]
            },
            "notification-url": "https://packagist.org/downloads/",
            "license": [
                "MIT"
            ],
            "authors": [
                {
                    "name": "Kyle Cooper",
                    "email": "kyle@webresultsdirect.com"
                },
                {
                    "name": "WRD Studio",
                    "homepage": "https://wrd.studio"
                }
            ],
            "description": "Simplifies the process for WordPress themes to create and write ACF Pro Blocks.",
            "support": {
                "issues": "https://github.com/kyletcooper/wp-blocks/issues",
                "source": "https://github.com/kyletcooper/wp-blocks/tree/main"
            },
            "time": "2025-08-24T19:47:56+00:00"
        },
        {
            "name": "wrd/wp-navigate",
            "version": "dev-main",
            "source": {
                "type": "git",
                "url": "https://github.com/kyletcooper/wp-navigate.git",
                "reference": "f801289dff3f888e9e07ddd10deb0e3703222cf0"
            },
            "dist": {
                "type": "zip",
                "url": "https://api.github.com/repos/kyletcooper/wp-navigate/zipball/f801289dff3f888e9e07ddd10deb0e3703222cf0",
                "reference": "f801289dff3f888e9e07ddd10deb0e3703222cf0",
                "shasum": ""
            },
            "default-branch": true,
            "type": "library",
            "autoload": {
                "files": [
                    "src/class-menuitem.php",
                    "src/breadcrumbs.php"
                ]
            },
            "notification-url": "https://packagist.org/downloads/",
            "license": [
                "MIT"
            ],
            "authors": [
                {
                    "name": "wrd-sodapixel",
                    "email": "dev@sodapixel.com"
                }
            ],
            "description": "Utilities for working with navigation, menu items & breadcrumbs in WordPress.",
            "support": {
                "issues": "https://github.com/kyletcooper/wp-navigate/issues",
                "source": "https://github.com/kyletcooper/wp-navigate/tree/main"
            },
            "time": "2025-09-11T08:51:43+00:00"
        }
    ],
    "packages-dev": [],
    "aliases": [],
    "minimum-stability": "dev",
    "stability-flags": {
        "wrd/wp-blocks": 20,
        "wrd/wp-navigate": 20
    },
    "prefer-stable": false,
    "prefer-lowest": false,
    "platform": [],
    "platform-dev": [],
    "plugin-api-version": "2.6.0"
}
